PODS:
  - AMViralSwitch (1.0.1)
  - CBStoreHouseRefreshControl (1.0)
  - Google-Mobile-Ads-SDK (7.20.0)
  - MSWeakTimer (1.1.0)
  - NGSPopoverView (1.1.0)

DEPENDENCIES:
  - AMViralSwitch
  - CBStoreHouseRefreshControl
  - Google-Mobile-Ads-SDK
  - MSWeakTimer (~> 1.1.0)
  - NGSPopoverView

SPEC CHECKSUMS:
  AMViralSwitch: 241117e9b5accf06829610a93f90c350a0b3d0ce
  CBStoreHouseRefreshControl: a814bd725e74ff4c1e8dd96eb02358199b0da04f
  Google-Mobile-Ads-SDK: 168312cdc167fa22746d4ea8e839fc4825dd2966
  MSWeakTimer: 9426150f933b80ed3acf3f6d228e4b61f0e303c8
  NGSPopoverView: 9b1e13b8c8d9ab6259e60e34c16e6b747f0c0fdb

PODFILE CHECKSUM: d87b2a8033e89d044893fb507916b98194bb921f

COCOAPODS: 1.2.1
