// !$*UTF8*$!
{
	archiveVersion = 1;
	classes = {
	};
	objectVersion = 46;
	objects = {

/* Begin PBXBuildFile section */
		556492501E98F8A70028623E /* SKConstants.m in Sources */ = {isa = PBXBuildFile; fileRef = 5564924F1E98F8A70028623E /* SKConstants.m */; };
		556492531E98FDE70028623E /* SKCoreDataManager.m in Sources */ = {isa = PBXBuildFile; fileRef = 556492521E98FDE70028623E /* SKCoreDataManager.m */; };
		5564925D1E98FFE80028623E /* SKNotificationDate+CoreDataClass.m in Sources */ = {isa = PBXBuildFile; fileRef = 556492561E98FFE80028623E /* SKNotificationDate+CoreDataClass.m */; };
		5564925E1E98FFE80028623E /* SKNotificationDate+CoreDataProperties.m in Sources */ = {isa = PBXBuildFile; fileRef = 556492581E98FFE80028623E /* SKNotificationDate+CoreDataProperties.m */; };
		5564925F1E98FFE80028623E /* SKUser+CoreDataClass.m in Sources */ = {isa = PBXBuildFile; fileRef = 5564925A1E98FFE80028623E /* SKUser+CoreDataClass.m */; };
		556492601E98FFE80028623E /* SKUser+CoreDataProperties.m in Sources */ = {isa = PBXBuildFile; fileRef = 5564925C1E98FFE80028623E /* SKUser+CoreDataProperties.m */; };
		556DBAED1E8FB1510038D214 /* main.m in Sources */ = {isa = PBXBuildFile; fileRef = 556DBAEC1E8FB1510038D214 /* main.m */; };
		556DBAF01E8FB1510038D214 /* AppDelegate.m in Sources */ = {isa = PBXBuildFile; fileRef = 556DBAEF1E8FB1510038D214 /* AppDelegate.m */; };
		556DBAF61E8FB1520038D214 /* Main.storyboard in Resources */ = {isa = PBXBuildFile; fileRef = 556DBAF41E8FB1520038D214 /* Main.storyboard */; };
		556DBAF91E8FB1520038D214 /* Dharm.xcdatamodeld in Sources */ = {isa = PBXBuildFile; fileRef = 556DBAF71E8FB1520038D214 /* Dharm.xcdatamodeld */; };
		556DBAFB1E8FB1520038D214 /* Assets.xcassets in Resources */ = {isa = PBXBuildFile; fileRef = 556DBAFA1E8FB1520038D214 /* Assets.xcassets */; };
		556DBAFE1E8FB1520038D214 /* LaunchScreen.storyboard in Resources */ = {isa = PBXBuildFile; fileRef = 556DBAFC1E8FB1520038D214 /* LaunchScreen.storyboard */; };
		556DBB071E8FB7380038D214 /* SKBunkerViewController.m in Sources */ = {isa = PBXBuildFile; fileRef = 556DBB061E8FB7380038D214 /* SKBunkerViewController.m */; };
		556DBB0A1E8FB7550038D214 /* SKSettingsViewController.m in Sources */ = {isa = PBXBuildFile; fileRef = 556DBB091E8FB7550038D214 /* SKSettingsViewController.m */; };
		556DBB0D1E8FB76E0038D214 /* SKLeaderboardsViewController.m in Sources */ = {isa = PBXBuildFile; fileRef = 556DBB0C1E8FB76E0038D214 /* SKLeaderboardsViewController.m */; };
		55A1D66E1E9A56F900CEE5DB /* SKUserDataManager.m in Sources */ = {isa = PBXBuildFile; fileRef = 55A1D66D1E9A56F900CEE5DB /* SKUserDataManager.m */; };
		55ACA8491E93016F00DD98BC /* SKInfoViewController.m in Sources */ = {isa = PBXBuildFile; fileRef = 55ACA8481E93016E00DD98BC /* SKInfoViewController.m */; };
		55ACA84F1E9579EE00DD98BC /* SKDateGenerator.m in Sources */ = {isa = PBXBuildFile; fileRef = 55ACA84E1E9579EE00DD98BC /* SKDateGenerator.m */; };
		55EC38271E91181F00D3E399 /* SKTimer.m in Sources */ = {isa = PBXBuildFile; fileRef = 55EC38261E91181F00D3E399 /* SKTimer.m */; };
		55EC382A1E9148E100D3E399 /* SKLocalNotificationManagger.m in Sources */ = {isa = PBXBuildFile; fileRef = 55EC38291E9148E100D3E399 /* SKLocalNotificationManagger.m */; };
/* End PBXBuildFile section */

/* Begin PBXFileReference section */
		5564924E1E98F8A70028623E /* SKConstants.h */ = {isa = PBXFileReference; fileEncoding = 4; lastKnownFileType = sourcecode.c.h; path = SKConstants.h; sourceTree = "<group>"; };
		5564924F1E98F8A70028623E /* SKConstants.m */ = {isa = PBXFileReference; fileEncoding = 4; lastKnownFileType = sourcecode.c.objc; path = SKConstants.m; sourceTree = "<group>"; };
		556492511E98FDE70028623E /* SKCoreDataManager.h */ = {isa = PBXFileReference; fileEncoding = 4; lastKnownFileType = sourcecode.c.h; path = SKCoreDataManager.h; sourceTree = "<group>"; };
		556492521E98FDE70028623E /* SKCoreDataManager.m */ = {isa = PBXFileReference; fileEncoding = 4; lastKnownFileType = sourcecode.c.objc; path = SKCoreDataManager.m; sourceTree = "<group>"; };
		556492551E98FFE80028623E /* SKNotificationDate+CoreDataClass.h */ = {isa = PBXFileReference; fileEncoding = 4; lastKnownFileType = sourcecode.c.h; name = "SKNotificationDate+CoreDataClass.h"; path = "Dharm/SKNotificationDate+CoreDataClass.h"; sourceTree = "<group>"; };
		556492561E98FFE80028623E /* SKNotificationDate+CoreDataClass.m */ = {isa = PBXFileReference; fileEncoding = 4; lastKnownFileType = sourcecode.c.objc; name = "SKNotificationDate+CoreDataClass.m"; path = "Dharm/SKNotificationDate+CoreDataClass.m"; sourceTree = "<group>"; };
		556492571E98FFE80028623E /* SKNotificationDate+CoreDataProperties.h */ = {isa = PBXFileReference; fileEncoding = 4; lastKnownFileType = sourcecode.c.h; name = "SKNotificationDate+CoreDataProperties.h"; path = "Dharm/SKNotificationDate+CoreDataProperties.h"; sourceTree = "<group>"; };
		556492581E98FFE80028623E /* SKNotificationDate+CoreDataProperties.m */ = {isa = PBXFileReference; fileEncoding = 4; lastKnownFileType = sourcecode.c.objc; name = "SKNotificationDate+CoreDataProperties.m"; path = "Dharm/SKNotificationDate+CoreDataProperties.m"; sourceTree = "<group>"; };
		556492591E98FFE80028623E /* SKUser+CoreDataClass.h */ = {isa = PBXFileReference; fileEncoding = 4; lastKnownFileType = sourcecode.c.h; name = "SKUser+CoreDataClass.h"; path = "Dharm/SKUser+CoreDataClass.h"; sourceTree = "<group>"; };
		5564925A1E98FFE80028623E /* SKUser+CoreDataClass.m */ = {isa = PBXFileReference; fileEncoding = 4; lastKnownFileType = sourcecode.c.objc; name = "SKUser+CoreDataClass.m"; path = "Dharm/SKUser+CoreDataClass.m"; sourceTree = "<group>"; };
		5564925B1E98FFE80028623E /* SKUser+CoreDataProperties.h */ = {isa = PBXFileReference; fileEncoding = 4; lastKnownFileType = sourcecode.c.h; name = "SKUser+CoreDataProperties.h"; path = "Dharm/SKUser+CoreDataProperties.h"; sourceTree = "<group>"; };
		5564925C1E98FFE80028623E /* SKUser+CoreDataProperties.m */ = {isa = PBXFileReference; fileEncoding = 4; lastKnownFileType = sourcecode.c.objc; name = "SKUser+CoreDataProperties.m"; path = "Dharm/SKUser+CoreDataProperties.m"; sourceTree = "<group>"; };
		556DBAE81E8FB1510038D214 /* Dharm.app */ = {isa = PBXFileReference; explicitFileType = wrapper.application; includeInIndex = 0; path = Dharm.app; sourceTree = BUILT_PRODUCTS_DIR; };
		556DBAEC1E8FB1510038D214 /* main.m */ = {isa = PBXFileReference; lastKnownFileType = sourcecode.c.objc; path = main.m; sourceTree = "<group>"; };
		556DBAEE1E8FB1510038D214 /* AppDelegate.h */ = {isa = PBXFileReference; lastKnownFileType = sourcecode.c.h; path = AppDelegate.h; sourceTree = "<group>"; };
		556DBAEF1E8FB1510038D214 /* AppDelegate.m */ = {isa = PBXFileReference; lastKnownFileType = sourcecode.c.objc; path = AppDelegate.m; sourceTree = "<group>"; };
		556DBAF51E8FB1520038D214 /* Base */ = {isa = PBXFileReference; lastKnownFileType = file.storyboard; name = Base; path = Base.lproj/Main.storyboard; sourceTree = "<group>"; };
		556DBAF81E8FB1520038D214 /* Dharm.xcdatamodel */ = {isa = PBXFileReference; lastKnownFileType = wrapper.xcdatamodel; path = Dharm.xcdatamodel; sourceTree = "<group>"; };
		556DBAFA1E8FB1520038D214 /* Assets.xcassets */ = {isa = PBXFileReference; lastKnownFileType = folder.assetcatalog; path = Assets.xcassets; sourceTree = "<group>"; };
		556DBAFD1E8FB1520038D214 /* Base */ = {isa = PBXFileReference; lastKnownFileType = file.storyboard; name = Base; path = Base.lproj/LaunchScreen.storyboard; sourceTree = "<group>"; };
		556DBAFF1E8FB1520038D214 /* Info.plist */ = {isa = PBXFileReference; lastKnownFileType = text.plist.xml; path = Info.plist; sourceTree = "<group>"; };
		556DBB051E8FB7380038D214 /* SKBunkerViewController.h */ = {isa = PBXFileReference; fileEncoding = 4; lastKnownFileType = sourcecode.c.h; path = SKBunkerViewController.h; sourceTree = "<group>"; };
		556DBB061E8FB7380038D214 /* SKBunkerViewController.m */ = {isa = PBXFileReference; fileEncoding = 4; lastKnownFileType = sourcecode.c.objc; path = SKBunkerViewController.m; sourceTree = "<group>"; };
		556DBB081E8FB7550038D214 /* SKSettingsViewController.h */ = {isa = PBXFileReference; fileEncoding = 4; lastKnownFileType = sourcecode.c.h; path = SKSettingsViewController.h; sourceTree = "<group>"; };
		556DBB091E8FB7550038D214 /* SKSettingsViewController.m */ = {isa = PBXFileReference; fileEncoding = 4; lastKnownFileType = sourcecode.c.objc; path = SKSettingsViewController.m; sourceTree = "<group>"; };
		556DBB0B1E8FB76E0038D214 /* SKLeaderboardsViewController.h */ = {isa = PBXFileReference; fileEncoding = 4; lastKnownFileType = sourcecode.c.h; path = SKLeaderboardsViewController.h; sourceTree = "<group>"; };
		556DBB0C1E8FB76E0038D214 /* SKLeaderboardsViewController.m */ = {isa = PBXFileReference; fileEncoding = 4; lastKnownFileType = sourcecode.c.objc; path = SKLeaderboardsViewController.m; sourceTree = "<group>"; };
		55A1D66C1E9A56F900CEE5DB /* SKUserDataManager.h */ = {isa = PBXFileReference; fileEncoding = 4; lastKnownFileType = sourcecode.c.h; path = SKUserDataManager.h; sourceTree = "<group>"; };
		55A1D66D1E9A56F900CEE5DB /* SKUserDataManager.m */ = {isa = PBXFileReference; fileEncoding = 4; lastKnownFileType = sourcecode.c.objc; path = SKUserDataManager.m; sourceTree = "<group>"; };
		55ACA8471E93016E00DD98BC /* SKInfoViewController.h */ = {isa = PBXFileReference; fileEncoding = 4; lastKnownFileType = sourcecode.c.h; path = SKInfoViewController.h; sourceTree = "<group>"; };
		55ACA8481E93016E00DD98BC /* SKInfoViewController.m */ = {isa = PBXFileReference; fileEncoding = 4; lastKnownFileType = sourcecode.c.objc; path = SKInfoViewController.m; sourceTree = "<group>"; };
		55ACA84D1E9579EE00DD98BC /* SKDateGenerator.h */ = {isa = PBXFileReference; fileEncoding = 4; lastKnownFileType = sourcecode.c.h; path = SKDateGenerator.h; sourceTree = "<group>"; };
		55ACA84E1E9579EE00DD98BC /* SKDateGenerator.m */ = {isa = PBXFileReference; fileEncoding = 4; lastKnownFileType = sourcecode.c.objc; path = SKDateGenerator.m; sourceTree = "<group>"; };
		55EC38251E91181F00D3E399 /* SKTimer.h */ = {isa = PBXFileReference; fileEncoding = 4; lastKnownFileType = sourcecode.c.h; path = SKTimer.h; sourceTree = "<group>"; };
		55EC38261E91181F00D3E399 /* SKTimer.m */ = {isa = PBXFileReference; fileEncoding = 4; lastKnownFileType = sourcecode.c.objc; path = SKTimer.m; sourceTree = "<group>"; };
		55EC38281E9148E100D3E399 /* SKLocalNotificationManagger.h */ = {isa = PBXFileReference; fileEncoding = 4; lastKnownFileType = sourcecode.c.h; path = SKLocalNotificationManagger.h; sourceTree = "<group>"; };
		55EC38291E9148E100D3E399 /* SKLocalNotificationManagger.m */ = {isa = PBXFileReference; fileEncoding = 4; lastKnownFileType = sourcecode.c.objc; path = SKLocalNotificationManagger.m; sourceTree = "<group>"; };
/* End PBXFileReference section */

/* Begin PBXFrameworksBuildPhase section */
		556DBAE51E8FB1510038D214 /* Frameworks */ = {
			isa = PBXFrameworksBuildPhase;
			buildActionMask = 2147483647;
			files = (
			);
			runOnlyForDeploymentPostprocessing = 0;
		};
/* End PBXFrameworksBuildPhase section */

/* Begin PBXGroup section */
		556492541E98FDF30028623E /* Coredata */ = {
			isa = PBXGroup;
			children = (
				556492611E99003E0028623E /* ManagedObjects */,
				556DBAF71E8FB1520038D214 /* Dharm.xcdatamodeld */,
				556492511E98FDE70028623E /* SKCoreDataManager.h */,
				556492521E98FDE70028623E /* SKCoreDataManager.m */,
				55A1D66C1E9A56F900CEE5DB /* SKUserDataManager.h */,
				55A1D66D1E9A56F900CEE5DB /* SKUserDataManager.m */,
			);
			name = Coredata;
			sourceTree = "<group>";
		};
		556492611E99003E0028623E /* ManagedObjects */ = {
			isa = PBXGroup;
			children = (
				556492551E98FFE80028623E /* SKNotificationDate+CoreDataClass.h */,
				556492561E98FFE80028623E /* SKNotificationDate+CoreDataClass.m */,
				556492571E98FFE80028623E /* SKNotificationDate+CoreDataProperties.h */,
				556492581E98FFE80028623E /* SKNotificationDate+CoreDataProperties.m */,
				556492591E98FFE80028623E /* SKUser+CoreDataClass.h */,
				5564925A1E98FFE80028623E /* SKUser+CoreDataClass.m */,
				5564925B1E98FFE80028623E /* SKUser+CoreDataProperties.h */,
				5564925C1E98FFE80028623E /* SKUser+CoreDataProperties.m */,
			);
			name = ManagedObjects;
			path = ..;
			sourceTree = "<group>";
		};
		556DBADF1E8FB1500038D214 = {
			isa = PBXGroup;
			children = (
				556DBAEA1E8FB1510038D214 /* Dharm */,
				556DBAE91E8FB1510038D214 /* Products */,
			);
			sourceTree = "<group>";
		};
		556DBAE91E8FB1510038D214 /* Products */ = {
			isa = PBXGroup;
			children = (
				556DBAE81E8FB1510038D214 /* Dharm.app */,
			);
			name = Products;
			sourceTree = "<group>";
		};
		556DBAEA1E8FB1510038D214 /* Dharm */ = {
			isa = PBXGroup;
			children = (
				556492541E98FDF30028623E /* Coredata */,
				556DBB0E1E8FB77C0038D214 /* Bunker */,
				556DBB0F1E8FB7840038D214 /* Settings */,
				556DBB101E8FB78D0038D214 /* Leaderboards */,
				556DBAEE1E8FB1510038D214 /* AppDelegate.h */,
				556DBAEF1E8FB1510038D214 /* AppDelegate.m */,
				556DBAF41E8FB1520038D214 /* Main.storyboard */,
				556DBAFA1E8FB1520038D214 /* Assets.xcassets */,
				556DBAFC1E8FB1520038D214 /* LaunchScreen.storyboard */,
				556DBAFF1E8FB1520038D214 /* Info.plist */,
				556DBAEB1E8FB1510038D214 /* Supporting Files */,
			);
			path = Dharm;
			sourceTree = "<group>";
		};
		556DBAEB1E8FB1510038D214 /* Supporting Files */ = {
			isa = PBXGroup;
			children = (
				556DBAEC1E8FB1510038D214 /* main.m */,
			);
			name = "Supporting Files";
			sourceTree = "<group>";
		};
		556DBB0E1E8FB77C0038D214 /* Bunker */ = {
			isa = PBXGroup;
			children = (
				5564924E1E98F8A70028623E /* SKConstants.h */,
				5564924F1E98F8A70028623E /* SKConstants.m */,
				556DBB051E8FB7380038D214 /* SKBunkerViewController.h */,
				556DBB061E8FB7380038D214 /* SKBunkerViewController.m */,
				55EC38251E91181F00D3E399 /* SKTimer.h */,
				55EC38261E91181F00D3E399 /* SKTimer.m */,
				55EC38281E9148E100D3E399 /* SKLocalNotificationManagger.h */,
				55EC38291E9148E100D3E399 /* SKLocalNotificationManagger.m */,
				55ACA8471E93016E00DD98BC /* SKInfoViewController.h */,
				55ACA8481E93016E00DD98BC /* SKInfoViewController.m */,
				55ACA84D1E9579EE00DD98BC /* SKDateGenerator.h */,
				55ACA84E1E9579EE00DD98BC /* SKDateGenerator.m */,
			);
			name = Bunker;
			sourceTree = "<group>";
		};
		556DBB0F1E8FB7840038D214 /* Settings */ = {
			isa = PBXGroup;
			children = (
				556DBB081E8FB7550038D214 /* SKSettingsViewController.h */,
				556DBB091E8FB7550038D214 /* SKSettingsViewController.m */,
			);
			name = Settings;
			sourceTree = "<group>";
		};
		556DBB101E8FB78D0038D214 /* Leaderboards */ = {
			isa = PBXGroup;
			children = (
				556DBB0B1E8FB76E0038D214 /* SKLeaderboardsViewController.h */,
				556DBB0C1E8FB76E0038D214 /* SKLeaderboardsViewController.m */,
			);
			name = Leaderboards;
			sourceTree = "<group>";
		};
/* End PBXGroup section */

/* Begin PBXNativeTarget section */
		556DBAE71E8FB1510038D214 /* Dharm */ = {
			isa = PBXNativeTarget;
			buildConfigurationList = 556DBB021E8FB1520038D214 /* Build configuration list for PBXNativeTarget "Dharm" */;
			buildPhases = (
				556DBAE41E8FB1510038D214 /* Sources */,
				556DBAE51E8FB1510038D214 /* Frameworks */,
				556DBAE61E8FB1510038D214 /* Resources */,
			);
			buildRules = (
			);
			dependencies = (
			);
			name = Dharm;
			productName = Dharm;
			productReference = 556DBAE81E8FB1510038D214 /* Dharm.app */;
			productType = "com.apple.product-type.application";
		};
/* End PBXNativeTarget section */

/* Begin PBXProject section */
		556DBAE01E8FB1500038D214 /* Project object */ = {
			isa = PBXProject;
			attributes = {
				CLASSPREFIX = SK;
				LastUpgradeCheck = 0800;
				ORGANIZATIONNAME = "Kirill Solovyov";
				TargetAttributes = {
					556DBAE71E8FB1510038D214 = {
						CreatedOnToolsVersion = 8.0;
						ProvisioningStyle = Automatic;
					};
				};
			};
			buildConfigurationList = 556DBAE31E8FB1500038D214 /* Build configuration list for PBXProject "Dharm" */;
			compatibilityVersion = "Xcode 3.2";
			developmentRegion = English;
			hasScannedForEncodings = 0;
			knownRegions = (
				en,
				Base,
			);
			mainGroup = 556DBADF1E8FB1500038D214;
			productRefGroup = 556DBAE91E8FB1510038D214 /* Products */;
			projectDirPath = "";
			projectRoot = "";
			targets = (
				556DBAE71E8FB1510038D214 /* Dharm */,
			);
		};
/* End PBXProject section */

/* Begin PBXResourcesBuildPhase section */
		556DBAE61E8FB1510038D214 /* Resources */ = {
			isa = PBXResourcesBuildPhase;
			buildActionMask = 2147483647;
			files = (
				556DBAFE1E8FB1520038D214 /* LaunchScreen.storyboard in Resources */,
				556DBAFB1E8FB1520038D214 /* Assets.xcassets in Resources */,
				556DBAF61E8FB1520038D214 /* Main.storyboard in Resources */,
			);
			runOnlyForDeploymentPostprocessing = 0;
		};
/* End PBXResourcesBuildPhase section */

/* Begin PBXSourcesBuildPhase section */
		556DBAE41E8FB1510038D214 /* Sources */ = {
			isa = PBXSourcesBuildPhase;
			buildActionMask = 2147483647;
			files = (
				5564925E1E98FFE80028623E /* SKNotificationDate+CoreDataProperties.m in Sources */,
				556DBAF01E8FB1510038D214 /* AppDelegate.m in Sources */,
				5564925D1E98FFE80028623E /* SKNotificationDate+CoreDataClass.m in Sources */,
				5564925F1E98FFE80028623E /* SKUser+CoreDataClass.m in Sources */,
				556DBAF91E8FB1520038D214 /* Dharm.xcdatamodeld in Sources */,
				556492531E98FDE70028623E /* SKCoreDataManager.m in Sources */,
				55EC382A1E9148E100D3E399 /* SKLocalNotificationManagger.m in Sources */,
				556492501E98F8A70028623E /* SKConstants.m in Sources */,
				55ACA8491E93016F00DD98BC /* SKInfoViewController.m in Sources */,
				556DBAED1E8FB1510038D214 /* main.m in Sources */,
				55EC38271E91181F00D3E399 /* SKTimer.m in Sources */,
				556DBB071E8FB7380038D214 /* SKBunkerViewController.m in Sources */,
				55ACA84F1E9579EE00DD98BC /* SKDateGenerator.m in Sources */,
				556DBB0D1E8FB76E0038D214 /* SKLeaderboardsViewController.m in Sources */,
				55A1D66E1E9A56F900CEE5DB /* SKUserDataManager.m in Sources */,
				556492601E98FFE80028623E /* SKUser+CoreDataProperties.m in Sources */,
				556DBB0A1E8FB7550038D214 /* SKSettingsViewController.m in Sources */,
			);
			runOnlyForDeploymentPostprocessing = 0;
		};
/* End PBXSourcesBuildPhase section */

/* Begin PBXVariantGroup section */
		556DBAF41E8FB1520038D214 /* Main.storyboard */ = {
			isa = PBXVariantGroup;
			children = (
				556DBAF51E8FB1520038D214 /* Base */,
			);
			name = Main.storyboard;
			sourceTree = "<group>";
		};
		556DBAFC1E8FB1520038D214 /* LaunchScreen.storyboard */ = {
			isa = PBXVariantGroup;
			children = (
				556DBAFD1E8FB1520038D214 /* Base */,
			);
			name = LaunchScreen.storyboard;
			sourceTree = "<group>";
		};
/* End PBXVariantGroup section */

/* Begin XCBuildConfiguration section */
		556DBB001E8FB1520038D214 /* Debug */ = {
			isa = XCBuildConfiguration;
			buildSettings = {
				ALWAYS_SEARCH_USER_PATHS = NO;
				CLANG_ANALYZER_NONNULL = YES;
				CLANG_CXX_LANGUAGE_STANDARD = "gnu++0x";
				CLANG_CXX_LIBRARY = "libc++";
				CLANG_ENABLE_MODULES = YES;
				CLANG_ENABLE_OBJC_ARC = YES;
				CLANG_WARN_BOOL_CONVERSION = YES;
				CLANG_WARN_CONSTANT_CONVERSION = YES;
				CLANG_WARN_DIRECT_OBJC_ISA_USAGE = YES_ERROR;
				CLANG_WARN_DOCUMENTATION_COMMENTS = YES;
				CLANG_WARN_EMPTY_BODY = YES;
				CLANG_WARN_ENUM_CONVERSION = YES;
				CLANG_WARN_INFINITE_RECURSION = YES;
				CLANG_WARN_INT_CONVERSION = YES;
				CLANG_WARN_OBJC_ROOT_CLASS = YES_ERROR;
				CLANG_WARN_SUSPICIOUS_MOVES = YES;
				CLANG_WARN_UNREACHABLE_CODE = YES;
				CLANG_WARN__DUPLICATE_METHOD_MATCH = YES;
				"CODE_SIGN_IDENTITY[sdk=iphoneos*]" = "iPhone Developer";
				COPY_PHASE_STRIP = NO;
				DEBUG_INFORMATION_FORMAT = dwarf;
				ENABLE_STRICT_OBJC_MSGSEND = YES;
				ENABLE_TESTABILITY = YES;
				GCC_C_LANGUAGE_STANDARD = gnu99;
				GCC_DYNAMIC_NO_PIC = NO;
				GCC_NO_COMMON_BLOCKS = YES;
				GCC_OPTIMIZATION_LEVEL = 0;
				GCC_PREPROCESSOR_DEFINITIONS = (
					"DEBUG=1",
					"$(inherited)",
				);
				GCC_WARN_64_TO_32_BIT_CONVERSION = YES;
				GCC_WARN_ABOUT_RETURN_TYPE = YES_ERROR;
				GCC_WARN_UNDECLARED_SELECTOR = YES;
				GCC_WARN_UNINITIALIZED_AUTOS = YES_AGGRESSIVE;
				GCC_WARN_UNUSED_FUNCTION = YES;
				GCC_WARN_UNUSED_VARIABLE = YES;
				IPHONEOS_DEPLOYMENT_TARGET = 10.0;
				MTL_ENABLE_DEBUG_INFO = YES;
				ONLY_ACTIVE_ARCH = YES;
				SDKROOT = iphoneos;
				TARGETED_DEVICE_FAMILY = "1,2";
			};
			name = Debug;
		};
		556DBB011E8FB1520038D214 /* Release */ = {
			isa = XCBuildConfiguration;
			buildSettings = {
				ALWAYS_SEARCH_USER_PATHS = NO;
				CLANG_ANALYZER_NONNULL = YES;
				CLANG_CXX_LANGUAGE_STANDARD = "gnu++0x";
				CLANG_CXX_LIBRARY = "libc++";
				CLANG_ENABLE_MODULES = YES;
				CLANG_ENABLE_OBJC_ARC = YES;
				CLANG_WARN_BOOL_CONVERSION = YES;
				CLANG_WARN_CONSTANT_CONVERSION = YES;
				CLANG_WARN_DIRECT_OBJC_ISA_USAGE = YES_ERROR;
				CLANG_WARN_DOCUMENTATION_COMMENTS = YES;
				CLANG_WARN_EMPTY_BODY = YES;
				CLANG_WARN_ENUM_CONVERSION = YES;
				CLANG_WARN_INFINITE_RECURSION = YES;
				CLANG_WARN_INT_CONVERSION = YES;
				CLANG_WARN_OBJC_ROOT_CLASS = YES_ERROR;
				CLANG_WARN_SUSPICIOUS_MOVES = YES;
				CLANG_WARN_UNREACHABLE_CODE = YES;
				CLANG_WARN__DUPLICATE_METHOD_MATCH = YES;
				"CODE_SIGN_IDENTITY[sdk=iphoneos*]" = "iPhone Developer";
				COPY_PHASE_STRIP = NO;
				DEBUG_INFORMATION_FORMAT = "dwarf-with-dsym";
				ENABLE_NS_ASSERTIONS = NO;
				ENABLE_STRICT_OBJC_MSGSEND = YES;
				GCC_C_LANGUAGE_STANDARD = gnu99;
				GCC_NO_COMMON_BLOCKS = YES;
				GCC_WARN_64_TO_32_BIT_CONVERSION = YES;
				GCC_WARN_ABOUT_RETURN_TYPE = YES_ERROR;
				GCC_WARN_UNDECLARED_SELECTOR = YES;
				GCC_WARN_UNINITIALIZED_AUTOS = YES_AGGRESSIVE;
				GCC_WARN_UNUSED_FUNCTION = YES;
				GCC_WARN_UNUSED_VARIABLE = YES;
				IPHONEOS_DEPLOYMENT_TARGET = 10.0;
				MTL_ENABLE_DEBUG_INFO = NO;
				SDKROOT = iphoneos;
				TARGETED_DEVICE_FAMILY = "1,2";
				VALIDATE_PRODUCT = YES;
			};
			name = Release;
		};
		556DBB031E8FB1520038D214 /* Debug */ = {
			isa = XCBuildConfiguration;
			buildSettings = {
				ASSETCATALOG_COMPILER_APPICON_NAME = AppIcon;
				INFOPLIST_FILE = Dharm/Info.plist;
				IPHONEOS_DEPLOYMENT_TARGET = 9.3;
				LD_RUNPATH_SEARCH_PATHS = "$(inherited) @executable_path/Frameworks";
				PRODUCT_BUNDLE_IDENTIFIER = SK.Dharm;
				PRODUCT_NAME = "$(TARGET_NAME)";
			};
			name = Debug;
		};
		556DBB041E8FB1520038D214 /* Release */ = {
			isa = XCBuildConfiguration;
			buildSettings = {
				ASSETCATALOG_COMPILER_APPICON_NAME = AppIcon;
				INFOPLIST_FILE = Dharm/Info.plist;
				IPHONEOS_DEPLOYMENT_TARGET = 9.3;
				LD_RUNPATH_SEARCH_PATHS = "$(inherited) @executable_path/Frameworks";
				PRODUCT_BUNDLE_IDENTIFIER = SK.Dharm;
				PRODUCT_NAME = "$(TARGET_NAME)";
			};
			name = Release;
		};
/* End XCBuildConfiguration section */

/* Begin XCConfigurationList section */
		556DBAE31E8FB1500038D214 /* Build configuration list for PBXProject "Dharm" */ = {
			isa = XCConfigurationList;
			buildConfigurations = (
				556DBB001E8FB1520038D214 /* Debug */,
				556DBB011E8FB1520038D214 /* Release */,
			);
			defaultConfigurationIsVisible = 0;
			defaultConfigurationName = Release;
		};
		556DBB021E8FB1520038D214 /* Build configuration list for PBXNativeTarget "Dharm" */ = {
			isa = XCConfigurationList;
			buildConfigurations = (
				556DBB031E8FB1520038D214 /* Debug */,
				556DBB041E8FB1520038D214 /* Release */,
			);
			defaultConfigurationIsVisible = 0;
			defaultConfigurationName = Release;
		};
/* End XCConfigurationList section */

/* Begin XCVersionGroup section */
		556DBAF71E8FB1520038D214 /* Dharm.xcdatamodeld */ = {
			isa = XCVersionGroup;
			children = (
				556DBAF81E8FB1520038D214 /* Dharm.xcdatamodel */,
			);
			currentVersion = 556DBAF81E8FB1520038D214 /* Dharm.xcdatamodel */;
			path = Dharm.xcdatamodeld;
			sourceTree = "<group>";
			versionGroupType = wrapper.xcdatamodel;
		};
/* End XCVersionGroup section */
	};
	rootObject = 556DBAE01E8FB1500038D214 /* Project object */;
}
