// !$*UTF8*$!
{
	archiveVersion = 1;
	classes = {
	};
	objectVersion = 48;
	objects = {

/* Begin PBXBuildFile section */
		4145A18E3BD3374C31CC8907 /* libPods-Dharm.a in Frameworks */ = {isa = PBXBuildFile; fileRef = AD4FB7AC4ACD06E84E2DCDAE /* libPods-Dharm.a */; };
		55079BE11EB7780C0044FCF4 /* UIViewController+SKViewControllerCategory.m in Sources */ = {isa = PBXBuildFile; fileRef = 55079BE01EB7780C0044FCF4 /* UIViewController+SKViewControllerCategory.m */; };
		55079BE41EB779BD0044FCF4 /* UITableViewController+SKTableViewCategory.m in Sources */ = {isa = PBXBuildFile; fileRef = 55079BE31EB779BD0044FCF4 /* UITableViewController+SKTableViewCategory.m */; };
		551319A11EC09D860072B442 /* SKUtils.m in Sources */ = {isa = PBXBuildFile; fileRef = 551319A01EC09D860072B442 /* SKUtils.m */; };
		5518196B1E9A78D100BD59B4 /* SKBunkerTableViewController.m in Sources */ = {isa = PBXBuildFile; fileRef = 5518196A1E9A78D100BD59B4 /* SKBunkerTableViewController.m */; };
		5518196E1E9A7BF400BD59B4 /* SKScoreCell.m in Sources */ = {isa = PBXBuildFile; fileRef = 5518196D1E9A7BF400BD59B4 /* SKScoreCell.m */; };
		551819721E9A7C1800BD59B4 /* SKTimerCell.m in Sources */ = {isa = PBXBuildFile; fileRef = 551819711E9A7C1800BD59B4 /* SKTimerCell.m */; };
		5518197B1E9A7C6700BD59B4 /* SKCodeCell.m in Sources */ = {isa = PBXBuildFile; fileRef = 5518197A1E9A7C6700BD59B4 /* SKCodeCell.m */; };
		5518197E1E9A7C7500BD59B4 /* SKAdCell.m in Sources */ = {isa = PBXBuildFile; fileRef = 5518197D1E9A7C7500BD59B4 /* SKAdCell.m */; };
		55320D101EFE949A0054F7A6 /* SKTutorialViewController.m in Sources */ = {isa = PBXBuildFile; fileRef = 55320D0F1EFE949A0054F7A6 /* SKTutorialViewController.m */; };
		554D046C1E9C0D0D002D3E1E /* SKMainObserver.m in Sources */ = {isa = PBXBuildFile; fileRef = 554D046B1E9C0D0D002D3E1E /* SKMainObserver.m */; };
		554D04711E9C1DB4002D3E1E /* UIApplication+SKNotificationManager.m in Sources */ = {isa = PBXBuildFile; fileRef = 554D04701E9C1DB4002D3E1E /* UIApplication+SKNotificationManager.m */; };
		556DBAED1E8FB1510038D214 /* main.m in Sources */ = {isa = PBXBuildFile; fileRef = 556DBAEC1E8FB1510038D214 /* main.m */; };
		556DBAF01E8FB1510038D214 /* AppDelegate.m in Sources */ = {isa = PBXBuildFile; fileRef = 556DBAEF1E8FB1510038D214 /* AppDelegate.m */; };
		556DBAF61E8FB1520038D214 /* Main.storyboard in Resources */ = {isa = PBXBuildFile; fileRef = 556DBAF41E8FB1520038D214 /* Main.storyboard */; };
		556DBAF91E8FB1520038D214 /* Dharm.xcdatamodeld in Sources */ = {isa = PBXBuildFile; fileRef = 556DBAF71E8FB1520038D214 /* Dharm.xcdatamodeld */; };
		556DBAFB1E8FB1520038D214 /* Assets.xcassets in Resources */ = {isa = PBXBuildFile; fileRef = 556DBAFA1E8FB1520038D214 /* Assets.xcassets */; };
		556DBAFE1E8FB1520038D214 /* LaunchScreen.storyboard in Resources */ = {isa = PBXBuildFile; fileRef = 556DBAFC1E8FB1520038D214 /* LaunchScreen.storyboard */; };
		556DBB0A1E8FB7550038D214 /* SKSettingsViewController.m in Sources */ = {isa = PBXBuildFile; fileRef = 556DBB091E8FB7550038D214 /* SKSettingsViewController.m */; };
		556DBB0D1E8FB76E0038D214 /* SKLeaderboardsViewController.m in Sources */ = {isa = PBXBuildFile; fileRef = 556DBB0C1E8FB76E0038D214 /* SKLeaderboardsViewController.m */; };
		5595A4911F02F675007126E9 /* SKTutorialPageViewController.m in Sources */ = {isa = PBXBuildFile; fileRef = 5595A4901F02F675007126E9 /* SKTutorialPageViewController.m */; };
		55979D3A1ED4A51D00163F00 /* SKGameKitHelper.m in Sources */ = {isa = PBXBuildFile; fileRef = 55979D391ED4A51D00163F00 /* SKGameKitHelper.m */; };
		55A1D66E1E9A56F900CEE5DB /* SKUserDataManager.m in Sources */ = {isa = PBXBuildFile; fileRef = 55A1D66D1E9A56F900CEE5DB /* SKUserDataManager.m */; };
		55A743A11ECE189D00BF4AF0 /* GameKit.framework in Frameworks */ = {isa = PBXBuildFile; fileRef = 55A743A01ECE189D00BF4AF0 /* GameKit.framework */; };
		55ACA84F1E9579EE00DD98BC /* SKDateGenerator.m in Sources */ = {isa = PBXBuildFile; fileRef = 55ACA84E1E9579EE00DD98BC /* SKDateGenerator.m */; };
		55B59CAC1EAE731800B969A5 /* libAMViralSwitch.a in Frameworks */ = {isa = PBXBuildFile; fileRef = 55B59CA91EAE731800B969A5 /* libAMViralSwitch.a */; };
		55B59CAD1EAE731800B969A5 /* libMSWeakTimer.a in Frameworks */ = {isa = PBXBuildFile; fileRef = 55B59CAA1EAE731800B969A5 /* libMSWeakTimer.a */; };
		55C3B3931F2C5D5D0086AD36 /* SKTabBarController.m in Sources */ = {isa = PBXBuildFile; fileRef = 55C3B3921F2C5D5D0086AD36 /* SKTabBarController.m */; };
		55CBD4991EE08478002679FE /* Localizable.strings in Resources */ = {isa = PBXBuildFile; fileRef = 55CBD49B1EE08478002679FE /* Localizable.strings */; };
		55E1E3621F3A3B41005CAB9F /* storehouse.plist in Resources */ = {isa = PBXBuildFile; fileRef = 55E1E3611F3A3B41005CAB9F /* storehouse.plist */; };
		55E1E3651F3A4009005CAB9F /* SKLeaderboardCell.m in Sources */ = {isa = PBXBuildFile; fileRef = 55E1E3641F3A4009005CAB9F /* SKLeaderboardCell.m */; };
		55E8BE0A1F0EAA4E007306C8 /* SKStoryMenuViewController.m in Sources */ = {isa = PBXBuildFile; fileRef = 55E8BE091F0EAA4E007306C8 /* SKStoryMenuViewController.m */; };
		55E8BE0D1F0EAA76007306C8 /* SKStoryMenuTableViewCell.m in Sources */ = {isa = PBXBuildFile; fileRef = 55E8BE0C1F0EAA76007306C8 /* SKStoryMenuTableViewCell.m */; };
		55E8BE111F0EDA22007306C8 /* SKStoryPage.m in Sources */ = {isa = PBXBuildFile; fileRef = 55E8BE101F0EDA22007306C8 /* SKStoryPage.m */; };
		55E92D3D1EC1C6C000B58280 /* SKPopoverInfoViewController.m in Sources */ = {isa = PBXBuildFile; fileRef = 55E92D3C1EC1C6C000B58280 /* SKPopoverInfoViewController.m */; };
		55EC38271E91181F00D3E399 /* SKTimer.m in Sources */ = {isa = PBXBuildFile; fileRef = 55EC38261E91181F00D3E399 /* SKTimer.m */; };
		55F91BED1F1A39AB0044DF34 /* SKUser.m in Sources */ = {isa = PBXBuildFile; fileRef = 55F91BEC1F1A39AB0044DF34 /* SKUser.m */; };
		55F91BF01F1A39C40044DF34 /* SKNotificationDate.m in Sources */ = {isa = PBXBuildFile; fileRef = 55F91BEF1F1A39C40044DF34 /* SKNotificationDate.m */; };
		55FC88321F1AC08A004C15F8 /* SKStoryResetTableViewCell.m in Sources */ = {isa = PBXBuildFile; fileRef = 55FC88311F1AC08A004C15F8 /* SKStoryResetTableViewCell.m */; };
		55FC883C1F1C06E1004C15F8 /* SKStoryHelper.m in Sources */ = {isa = PBXBuildFile; fileRef = 55FC883B1F1C06E1004C15F8 /* SKStoryHelper.m */; };
/* End PBXBuildFile section */

/* Begin PBXFileReference section */
		55079BDF1EB7780C0044FCF4 /* UIViewController+SKViewControllerCategory.h */ = {isa = PBXFileReference; fileEncoding = 4; lastKnownFileType = sourcecode.c.h; path = "UIViewController+SKViewControllerCategory.h"; sourceTree = "<group>"; };
		55079BE01EB7780C0044FCF4 /* UIViewController+SKViewControllerCategory.m */ = {isa = PBXFileReference; fileEncoding = 4; lastKnownFileType = sourcecode.c.objc; path = "UIViewController+SKViewControllerCategory.m"; sourceTree = "<group>"; };
		55079BE21EB779BD0044FCF4 /* UITableViewController+SKTableViewCategory.h */ = {isa = PBXFileReference; fileEncoding = 4; lastKnownFileType = sourcecode.c.h; path = "UITableViewController+SKTableViewCategory.h"; sourceTree = "<group>"; };
		55079BE31EB779BD0044FCF4 /* UITableViewController+SKTableViewCategory.m */ = {isa = PBXFileReference; fileEncoding = 4; lastKnownFileType = sourcecode.c.objc; path = "UITableViewController+SKTableViewCategory.m"; sourceTree = "<group>"; };
		5513199F1EC09D860072B442 /* SKUtils.h */ = {isa = PBXFileReference; fileEncoding = 4; lastKnownFileType = sourcecode.c.h; path = SKUtils.h; sourceTree = "<group>"; };
		551319A01EC09D860072B442 /* SKUtils.m */ = {isa = PBXFileReference; fileEncoding = 4; lastKnownFileType = sourcecode.c.objc; path = SKUtils.m; sourceTree = "<group>"; };
		551819691E9A78D100BD59B4 /* SKBunkerTableViewController.h */ = {isa = PBXFileReference; fileEncoding = 4; lastKnownFileType = sourcecode.c.h; path = SKBunkerTableViewController.h; sourceTree = "<group>"; };
		5518196A1E9A78D100BD59B4 /* SKBunkerTableViewController.m */ = {isa = PBXFileReference; fileEncoding = 4; lastKnownFileType = sourcecode.c.objc; path = SKBunkerTableViewController.m; sourceTree = "<group>"; };
		5518196C1E9A7BF400BD59B4 /* SKScoreCell.h */ = {isa = PBXFileReference; fileEncoding = 4; lastKnownFileType = sourcecode.c.h; path = SKScoreCell.h; sourceTree = "<group>"; };
		5518196D1E9A7BF400BD59B4 /* SKScoreCell.m */ = {isa = PBXFileReference; fileEncoding = 4; lastKnownFileType = sourcecode.c.objc; path = SKScoreCell.m; sourceTree = "<group>"; };
		551819701E9A7C1800BD59B4 /* SKTimerCell.h */ = {isa = PBXFileReference; fileEncoding = 4; lastKnownFileType = sourcecode.c.h; path = SKTimerCell.h; sourceTree = "<group>"; };
		551819711E9A7C1800BD59B4 /* SKTimerCell.m */ = {isa = PBXFileReference; fileEncoding = 4; lastKnownFileType = sourcecode.c.objc; path = SKTimerCell.m; sourceTree = "<group>"; };
		551819791E9A7C6700BD59B4 /* SKCodeCell.h */ = {isa = PBXFileReference; fileEncoding = 4; lastKnownFileType = sourcecode.c.h; path = SKCodeCell.h; sourceTree = "<group>"; };
		5518197A1E9A7C6700BD59B4 /* SKCodeCell.m */ = {isa = PBXFileReference; fileEncoding = 4; lastKnownFileType = sourcecode.c.objc; path = SKCodeCell.m; sourceTree = "<group>"; };
		5518197C1E9A7C7500BD59B4 /* SKAdCell.h */ = {isa = PBXFileReference; fileEncoding = 4; lastKnownFileType = sourcecode.c.h; path = SKAdCell.h; sourceTree = "<group>"; };
		5518197D1E9A7C7500BD59B4 /* SKAdCell.m */ = {isa = PBXFileReference; fileEncoding = 4; lastKnownFileType = sourcecode.c.objc; path = SKAdCell.m; sourceTree = "<group>"; };
		55320D0E1EFE949A0054F7A6 /* SKTutorialViewController.h */ = {isa = PBXFileReference; fileEncoding = 4; lastKnownFileType = sourcecode.c.h; path = SKTutorialViewController.h; sourceTree = "<group>"; };
		55320D0F1EFE949A0054F7A6 /* SKTutorialViewController.m */ = {isa = PBXFileReference; fileEncoding = 4; lastKnownFileType = sourcecode.c.objc; path = SKTutorialViewController.m; sourceTree = "<group>"; };
		554D046A1E9C0D0D002D3E1E /* SKMainObserver.h */ = {isa = PBXFileReference; fileEncoding = 4; lastKnownFileType = sourcecode.c.h; path = SKMainObserver.h; sourceTree = "<group>"; };
		554D046B1E9C0D0D002D3E1E /* SKMainObserver.m */ = {isa = PBXFileReference; fileEncoding = 4; lastKnownFileType = sourcecode.c.objc; path = SKMainObserver.m; sourceTree = "<group>"; };
		554D046F1E9C1DB4002D3E1E /* UIApplication+SKNotificationManager.h */ = {isa = PBXFileReference; fileEncoding = 4; lastKnownFileType = sourcecode.c.h; path = "UIApplication+SKNotificationManager.h"; sourceTree = "<group>"; };
		554D04701E9C1DB4002D3E1E /* UIApplication+SKNotificationManager.m */ = {isa = PBXFileReference; fileEncoding = 4; lastKnownFileType = sourcecode.c.objc; path = "UIApplication+SKNotificationManager.m"; sourceTree = "<group>"; };
		556DBAE81E8FB1510038D214 /* Dharm.app */ = {isa = PBXFileReference; explicitFileType = wrapper.application; includeInIndex = 0; path = Dharm.app; sourceTree = BUILT_PRODUCTS_DIR; };
		556DBAEC1E8FB1510038D214 /* main.m */ = {isa = PBXFileReference; lastKnownFileType = sourcecode.c.objc; path = main.m; sourceTree = "<group>"; };
		556DBAEE1E8FB1510038D214 /* AppDelegate.h */ = {isa = PBXFileReference; lastKnownFileType = sourcecode.c.h; path = AppDelegate.h; sourceTree = "<group>"; };
		556DBAEF1E8FB1510038D214 /* AppDelegate.m */ = {isa = PBXFileReference; lastKnownFileType = sourcecode.c.objc; path = AppDelegate.m; sourceTree = "<group>"; };
		556DBAF51E8FB1520038D214 /* Base */ = {isa = PBXFileReference; lastKnownFileType = file.storyboard; name = Base; path = Base.lproj/Main.storyboard; sourceTree = "<group>"; };
		556DBAF81E8FB1520038D214 /* Dharm.xcdatamodel */ = {isa = PBXFileReference; lastKnownFileType = wrapper.xcdatamodel; path = Dharm.xcdatamodel; sourceTree = "<group>"; };
		556DBAFA1E8FB1520038D214 /* Assets.xcassets */ = {isa = PBXFileReference; lastKnownFileType = folder.assetcatalog; path = Assets.xcassets; sourceTree = "<group>"; };
		556DBAFD1E8FB1520038D214 /* Base */ = {isa = PBXFileReference; lastKnownFileType = file.storyboard; name = Base; path = Base.lproj/LaunchScreen.storyboard; sourceTree = "<group>"; };
		556DBAFF1E8FB1520038D214 /* Info.plist */ = {isa = PBXFileReference; lastKnownFileType = text.plist.xml; path = Info.plist; sourceTree = "<group>"; };
		556DBB081E8FB7550038D214 /* SKSettingsViewController.h */ = {isa = PBXFileReference; fileEncoding = 4; lastKnownFileType = sourcecode.c.h; path = SKSettingsViewController.h; sourceTree = "<group>"; };
		556DBB091E8FB7550038D214 /* SKSettingsViewController.m */ = {isa = PBXFileReference; fileEncoding = 4; lastKnownFileType = sourcecode.c.objc; path = SKSettingsViewController.m; sourceTree = "<group>"; };
		556DBB0B1E8FB76E0038D214 /* SKLeaderboardsViewController.h */ = {isa = PBXFileReference; fileEncoding = 4; lastKnownFileType = sourcecode.c.h; path = SKLeaderboardsViewController.h; sourceTree = "<group>"; };
		556DBB0C1E8FB76E0038D214 /* SKLeaderboardsViewController.m */ = {isa = PBXFileReference; fileEncoding = 4; lastKnownFileType = sourcecode.c.objc; path = SKLeaderboardsViewController.m; sourceTree = "<group>"; };
		5595A48E1F02E140007126E9 /* ru */ = {isa = PBXFileReference; lastKnownFileType = text.plist.strings; name = ru; path = ru.lproj/Main.strings; sourceTree = "<group>"; };
		5595A48F1F02F675007126E9 /* SKTutorialPageViewController.h */ = {isa = PBXFileReference; fileEncoding = 4; lastKnownFileType = sourcecode.c.h; path = SKTutorialPageViewController.h; sourceTree = "<group>"; };
		5595A4901F02F675007126E9 /* SKTutorialPageViewController.m */ = {isa = PBXFileReference; fileEncoding = 4; lastKnownFileType = sourcecode.c.objc; path = SKTutorialPageViewController.m; sourceTree = "<group>"; };
		55979D381ED4A51D00163F00 /* SKGameKitHelper.h */ = {isa = PBXFileReference; fileEncoding = 4; lastKnownFileType = sourcecode.c.h; path = SKGameKitHelper.h; sourceTree = "<group>"; };
		55979D391ED4A51D00163F00 /* SKGameKitHelper.m */ = {isa = PBXFileReference; fileEncoding = 4; lastKnownFileType = sourcecode.c.objc; path = SKGameKitHelper.m; sourceTree = "<group>"; };
		55A1D66C1E9A56F900CEE5DB /* SKUserDataManager.h */ = {isa = PBXFileReference; fileEncoding = 4; lastKnownFileType = sourcecode.c.h; path = SKUserDataManager.h; sourceTree = "<group>"; };
		55A1D66D1E9A56F900CEE5DB /* SKUserDataManager.m */ = {isa = PBXFileReference; fileEncoding = 4; lastKnownFileType = sourcecode.c.objc; path = SKUserDataManager.m; sourceTree = "<group>"; };
		55A743A01ECE189D00BF4AF0 /* GameKit.framework */ = {isa = PBXFileReference; lastKnownFileType = wrapper.framework; name = GameKit.framework; path = System/Library/Frameworks/GameKit.framework; sourceTree = SDKROOT; };
		55ACA84D1E9579EE00DD98BC /* SKDateGenerator.h */ = {isa = PBXFileReference; fileEncoding = 4; lastKnownFileType = sourcecode.c.h; path = SKDateGenerator.h; sourceTree = "<group>"; };
		55ACA84E1E9579EE00DD98BC /* SKDateGenerator.m */ = {isa = PBXFileReference; fileEncoding = 4; lastKnownFileType = sourcecode.c.objc; path = SKDateGenerator.m; sourceTree = "<group>"; };
		55B59CA91EAE731800B969A5 /* libAMViralSwitch.a */ = {isa = PBXFileReference; lastKnownFileType = archive.ar; name = libAMViralSwitch.a; path = "Pods/../build/Debug-iphoneos/AMViralSwitch/libAMViralSwitch.a"; sourceTree = "<group>"; };
		55B59CAA1EAE731800B969A5 /* libMSWeakTimer.a */ = {isa = PBXFileReference; lastKnownFileType = archive.ar; name = libMSWeakTimer.a; path = "Pods/../build/Debug-iphoneos/MSWeakTimer/libMSWeakTimer.a"; sourceTree = "<group>"; };
		55B59CAB1EAE731800B969A5 /* libUIView+Shake.a */ = {isa = PBXFileReference; lastKnownFileType = archive.ar; name = "libUIView+Shake.a"; path = "Pods/../build/Debug-iphoneos/UIView+Shake/libUIView+Shake.a"; sourceTree = "<group>"; };
		55C3B3911F2C5D5D0086AD36 /* SKTabBarController.h */ = {isa = PBXFileReference; fileEncoding = 4; lastKnownFileType = sourcecode.c.h; path = SKTabBarController.h; sourceTree = "<group>"; };
		55C3B3921F2C5D5D0086AD36 /* SKTabBarController.m */ = {isa = PBXFileReference; fileEncoding = 4; lastKnownFileType = sourcecode.c.objc; path = SKTabBarController.m; sourceTree = "<group>"; };
		55CBD49A1EE08478002679FE /* en */ = {isa = PBXFileReference; lastKnownFileType = text.plist.strings; name = en; path = en.lproj/Localizable.strings; sourceTree = "<group>"; };
		55CBD49D1EE08492002679FE /* ru */ = {isa = PBXFileReference; lastKnownFileType = text.plist.strings; name = ru; path = ru.lproj/LaunchScreen.strings; sourceTree = "<group>"; };
		55CBD49E1EE08493002679FE /* ru */ = {isa = PBXFileReference; lastKnownFileType = text.plist.strings; name = ru; path = ru.lproj/Localizable.strings; sourceTree = "<group>"; };
		55E1E3611F3A3B41005CAB9F /* storehouse.plist */ = {isa = PBXFileReference; fileEncoding = 4; lastKnownFileType = text.plist.xml; path = storehouse.plist; sourceTree = "<group>"; };
		55E1E3631F3A4009005CAB9F /* SKLeaderboardCell.h */ = {isa = PBXFileReference; fileEncoding = 4; lastKnownFileType = sourcecode.c.h; path = SKLeaderboardCell.h; sourceTree = "<group>"; };
		55E1E3641F3A4009005CAB9F /* SKLeaderboardCell.m */ = {isa = PBXFileReference; fileEncoding = 4; lastKnownFileType = sourcecode.c.objc; path = SKLeaderboardCell.m; sourceTree = "<group>"; };
		55E8BE081F0EAA4E007306C8 /* SKStoryMenuViewController.h */ = {isa = PBXFileReference; fileEncoding = 4; lastKnownFileType = sourcecode.c.h; path = SKStoryMenuViewController.h; sourceTree = "<group>"; };
		55E8BE091F0EAA4E007306C8 /* SKStoryMenuViewController.m */ = {isa = PBXFileReference; fileEncoding = 4; lastKnownFileType = sourcecode.c.objc; path = SKStoryMenuViewController.m; sourceTree = "<group>"; };
		55E8BE0B1F0EAA76007306C8 /* SKStoryMenuTableViewCell.h */ = {isa = PBXFileReference; fileEncoding = 4; lastKnownFileType = sourcecode.c.h; path = SKStoryMenuTableViewCell.h; sourceTree = "<group>"; };
		55E8BE0C1F0EAA76007306C8 /* SKStoryMenuTableViewCell.m */ = {isa = PBXFileReference; fileEncoding = 4; lastKnownFileType = sourcecode.c.objc; path = SKStoryMenuTableViewCell.m; sourceTree = "<group>"; };
		55E8BE0F1F0EDA22007306C8 /* SKStoryPage.h */ = {isa = PBXFileReference; fileEncoding = 4; lastKnownFileType = sourcecode.c.h; path = SKStoryPage.h; sourceTree = "<group>"; };
		55E8BE101F0EDA22007306C8 /* SKStoryPage.m */ = {isa = PBXFileReference; fileEncoding = 4; lastKnownFileType = sourcecode.c.objc; path = SKStoryPage.m; sourceTree = "<group>"; };
		55E92D3B1EC1C6C000B58280 /* SKPopoverInfoViewController.h */ = {isa = PBXFileReference; fileEncoding = 4; lastKnownFileType = sourcecode.c.h; path = SKPopoverInfoViewController.h; sourceTree = "<group>"; };
		55E92D3C1EC1C6C000B58280 /* SKPopoverInfoViewController.m */ = {isa = PBXFileReference; fileEncoding = 4; lastKnownFileType = sourcecode.c.objc; path = SKPopoverInfoViewController.m; sourceTree = "<group>"; };
		55EC38251E91181F00D3E399 /* SKTimer.h */ = {isa = PBXFileReference; fileEncoding = 4; lastKnownFileType = sourcecode.c.h; path = SKTimer.h; sourceTree = "<group>"; };
		55EC38261E91181F00D3E399 /* SKTimer.m */ = {isa = PBXFileReference; fileEncoding = 4; lastKnownFileType = sourcecode.c.objc; path = SKTimer.m; sourceTree = "<group>"; };
		55F91BEB1F1A39AB0044DF34 /* SKUser.h */ = {isa = PBXFileReference; fileEncoding = 4; lastKnownFileType = sourcecode.c.h; path = SKUser.h; sourceTree = "<group>"; };
		55F91BEC1F1A39AB0044DF34 /* SKUser.m */ = {isa = PBXFileReference; fileEncoding = 4; lastKnownFileType = sourcecode.c.objc; path = SKUser.m; sourceTree = "<group>"; };
		55F91BEE1F1A39C40044DF34 /* SKNotificationDate.h */ = {isa = PBXFileReference; fileEncoding = 4; lastKnownFileType = sourcecode.c.h; path = SKNotificationDate.h; sourceTree = "<group>"; };
		55F91BEF1F1A39C40044DF34 /* SKNotificationDate.m */ = {isa = PBXFileReference; fileEncoding = 4; lastKnownFileType = sourcecode.c.objc; path = SKNotificationDate.m; sourceTree = "<group>"; };
		55FC88301F1AC08A004C15F8 /* SKStoryResetTableViewCell.h */ = {isa = PBXFileReference; fileEncoding = 4; lastKnownFileType = sourcecode.c.h; path = SKStoryResetTableViewCell.h; sourceTree = "<group>"; };
		55FC88311F1AC08A004C15F8 /* SKStoryResetTableViewCell.m */ = {isa = PBXFileReference; fileEncoding = 4; lastKnownFileType = sourcecode.c.objc; path = SKStoryResetTableViewCell.m; sourceTree = "<group>"; };
		55FC883A1F1C06E1004C15F8 /* SKStoryHelper.h */ = {isa = PBXFileReference; fileEncoding = 4; lastKnownFileType = sourcecode.c.h; path = SKStoryHelper.h; sourceTree = "<group>"; };
		55FC883B1F1C06E1004C15F8 /* SKStoryHelper.m */ = {isa = PBXFileReference; fileEncoding = 4; lastKnownFileType = sourcecode.c.objc; path = SKStoryHelper.m; sourceTree = "<group>"; };
		8F161D563E3A8DDB9AC1F50E /* Pods-Dharm.debug.xcconfig */ = {isa = PBXFileReference; includeInIndex = 1; lastKnownFileType = text.xcconfig; name = "Pods-Dharm.debug.xcconfig"; path = "Pods/Target Support Files/Pods-Dharm/Pods-Dharm.debug.xcconfig"; sourceTree = "<group>"; };
		AD4FB7AC4ACD06E84E2DCDAE /* libPods-Dharm.a */ = {isa = PBXFileReference; explicitFileType = archive.ar; includeInIndex = 0; path = "libPods-Dharm.a"; sourceTree = BUILT_PRODUCTS_DIR; };
		FCC42AE72A013E2E913B226F /* Pods-Dharm.release.xcconfig */ = {isa = PBXFileReference; includeInIndex = 1; lastKnownFileType = text.xcconfig; name = "Pods-Dharm.release.xcconfig"; path = "Pods/Target Support Files/Pods-Dharm/Pods-Dharm.release.xcconfig"; sourceTree = "<group>"; };
/* End PBXFileReference section */

/* Begin PBXFrameworksBuildPhase section */
		556DBAE51E8FB1510038D214 /* Frameworks */ = {
			isa = PBXFrameworksBuildPhase;
			buildActionMask = 2147483647;
			files = (
				55B59CAC1EAE731800B969A5 /* libAMViralSwitch.a in Frameworks */,
				55B59CAD1EAE731800B969A5 /* libMSWeakTimer.a in Frameworks */,
				4145A18E3BD3374C31CC8907 /* libPods-Dharm.a in Frameworks */,
				55A743A11ECE189D00BF4AF0 /* GameKit.framework in Frameworks */,
			);
			runOnlyForDeploymentPostprocessing = 0;
		};
/* End PBXFrameworksBuildPhase section */

/* Begin PBXGroup section */
		55079BE51EB779E90044FCF4 /* Categories */ = {
			isa = PBXGroup;
			children = (
				554D046F1E9C1DB4002D3E1E /* UIApplication+SKNotificationManager.h */,
				554D04701E9C1DB4002D3E1E /* UIApplication+SKNotificationManager.m */,
				55079BDF1EB7780C0044FCF4 /* UIViewController+SKViewControllerCategory.h */,
				55079BE01EB7780C0044FCF4 /* UIViewController+SKViewControllerCategory.m */,
				55079BE21EB779BD0044FCF4 /* UITableViewController+SKTableViewCategory.h */,
				55079BE31EB779BD0044FCF4 /* UITableViewController+SKTableViewCategory.m */,
			);
			name = Categories;
			sourceTree = "<group>";
		};
		5518196F1E9A7C0300BD59B4 /* Cells */ = {
			isa = PBXGroup;
			children = (
				5518196C1E9A7BF400BD59B4 /* SKScoreCell.h */,
				5518196D1E9A7BF400BD59B4 /* SKScoreCell.m */,
				551819701E9A7C1800BD59B4 /* SKTimerCell.h */,
				551819711E9A7C1800BD59B4 /* SKTimerCell.m */,
				551819791E9A7C6700BD59B4 /* SKCodeCell.h */,
				5518197A1E9A7C6700BD59B4 /* SKCodeCell.m */,
				5518197C1E9A7C7500BD59B4 /* SKAdCell.h */,
				5518197D1E9A7C7500BD59B4 /* SKAdCell.m */,
			);
			name = Cells;
			sourceTree = "<group>";
		};
		554D04691E9AF9FF002D3E1E /* Main */ = {
			isa = PBXGroup;
			children = (
				556DBAEE1E8FB1510038D214 /* AppDelegate.h */,
				556DBAEF1E8FB1510038D214 /* AppDelegate.m */,
				55ACA84D1E9579EE00DD98BC /* SKDateGenerator.h */,
				55ACA84E1E9579EE00DD98BC /* SKDateGenerator.m */,
				554D046A1E9C0D0D002D3E1E /* SKMainObserver.h */,
				554D046B1E9C0D0D002D3E1E /* SKMainObserver.m */,
				5513199F1EC09D860072B442 /* SKUtils.h */,
				551319A01EC09D860072B442 /* SKUtils.m */,
				55A1D66C1E9A56F900CEE5DB /* SKUserDataManager.h */,
				55A1D66D1E9A56F900CEE5DB /* SKUserDataManager.m */,
				55F91BEB1F1A39AB0044DF34 /* SKUser.h */,
				55F91BEC1F1A39AB0044DF34 /* SKUser.m */,
				55F91BEE1F1A39C40044DF34 /* SKNotificationDate.h */,
				55F91BEF1F1A39C40044DF34 /* SKNotificationDate.m */,
			);
			name = Main;
			sourceTree = "<group>";
		};
		556DBADF1E8FB1500038D214 = {
			isa = PBXGroup;
			children = (
				556DBAEA1E8FB1510038D214 /* Dharm */,
				556DBAE91E8FB1510038D214 /* Products */,
				748DF71BE7976640542379EC /* Pods */,
				E40EDEC173917F8791F9D011 /* Frameworks */,
			);
			sourceTree = "<group>";
		};
		556DBAE91E8FB1510038D214 /* Products */ = {
			isa = PBXGroup;
			children = (
				556DBAE81E8FB1510038D214 /* Dharm.app */,
			);
			name = Products;
			sourceTree = "<group>";
		};
		556DBAEA1E8FB1510038D214 /* Dharm */ = {
			isa = PBXGroup;
			children = (
				55979D371ED4A4CB00163F00 /* GameKit */,
				55079BE51EB779E90044FCF4 /* Categories */,
				554D04691E9AF9FF002D3E1E /* Main */,
				556DBB0E1E8FB77C0038D214 /* Bunker */,
				556DBB0F1E8FB7840038D214 /* Settings */,
				556DBB101E8FB78D0038D214 /* Leaderboards */,
				556DBAEB1E8FB1510038D214 /* Supporting Files */,
				556DBAFA1E8FB1520038D214 /* Assets.xcassets */,
				556DBAF41E8FB1520038D214 /* Main.storyboard */,
				556DBAFC1E8FB1520038D214 /* LaunchScreen.storyboard */,
				556DBAFF1E8FB1520038D214 /* Info.plist */,
				55E1E3611F3A3B41005CAB9F /* storehouse.plist */,
				55CBD49B1EE08478002679FE /* Localizable.strings */,
			);
			path = Dharm;
			sourceTree = "<group>";
		};
		556DBAEB1E8FB1510038D214 /* Supporting Files */ = {
			isa = PBXGroup;
			children = (
				556DBAF71E8FB1520038D214 /* Dharm.xcdatamodeld */,
				556DBAEC1E8FB1510038D214 /* main.m */,
			);
			name = "Supporting Files";
			sourceTree = "<group>";
		};
		556DBB0E1E8FB77C0038D214 /* Bunker */ = {
			isa = PBXGroup;
			children = (
				55C3B3911F2C5D5D0086AD36 /* SKTabBarController.h */,
				55C3B3921F2C5D5D0086AD36 /* SKTabBarController.m */,
				55EC38251E91181F00D3E399 /* SKTimer.h */,
				55EC38261E91181F00D3E399 /* SKTimer.m */,
				55E92D3B1EC1C6C000B58280 /* SKPopoverInfoViewController.h */,
				55E92D3C1EC1C6C000B58280 /* SKPopoverInfoViewController.m */,
				551819691E9A78D100BD59B4 /* SKBunkerTableViewController.h */,
				5518196A1E9A78D100BD59B4 /* SKBunkerTableViewController.m */,
				5595A4921F02F684007126E9 /* Story */,
				5518196F1E9A7C0300BD59B4 /* Cells */,
			);
			name = Bunker;
			sourceTree = "<group>";
		};
		556DBB0F1E8FB7840038D214 /* Settings */ = {
			isa = PBXGroup;
			children = (
				556DBB081E8FB7550038D214 /* SKSettingsViewController.h */,
				556DBB091E8FB7550038D214 /* SKSettingsViewController.m */,
			);
			name = Settings;
			sourceTree = "<group>";
		};
		556DBB101E8FB78D0038D214 /* Leaderboards */ = {
			isa = PBXGroup;
			children = (
				556DBB0B1E8FB76E0038D214 /* SKLeaderboardsViewController.h */,
				556DBB0C1E8FB76E0038D214 /* SKLeaderboardsViewController.m */,
				55E1E3631F3A4009005CAB9F /* SKLeaderboardCell.h */,
				55E1E3641F3A4009005CAB9F /* SKLeaderboardCell.m */,
			);
			name = Leaderboards;
			sourceTree = "<group>";
		};
		5595A4921F02F684007126E9 /* Story */ = {
			isa = PBXGroup;
			children = (
				55FC88361F1BEC1B004C15F8 /* Cells */,
				55320D0E1EFE949A0054F7A6 /* SKTutorialViewController.h */,
				55320D0F1EFE949A0054F7A6 /* SKTutorialViewController.m */,
				5595A48F1F02F675007126E9 /* SKTutorialPageViewController.h */,
				5595A4901F02F675007126E9 /* SKTutorialPageViewController.m */,
				55E8BE081F0EAA4E007306C8 /* SKStoryMenuViewController.h */,
				55E8BE091F0EAA4E007306C8 /* SKStoryMenuViewController.m */,
				55E8BE0F1F0EDA22007306C8 /* SKStoryPage.h */,
				55E8BE101F0EDA22007306C8 /* SKStoryPage.m */,
				55FC883A1F1C06E1004C15F8 /* SKStoryHelper.h */,
				55FC883B1F1C06E1004C15F8 /* SKStoryHelper.m */,
			);
			name = Story;
			sourceTree = "<group>";
		};
		55979D371ED4A4CB00163F00 /* GameKit */ = {
			isa = PBXGroup;
			children = (
				55979D381ED4A51D00163F00 /* SKGameKitHelper.h */,
				55979D391ED4A51D00163F00 /* SKGameKitHelper.m */,
			);
			name = GameKit;
			sourceTree = "<group>";
		};
		55FC88361F1BEC1B004C15F8 /* Cells */ = {
			isa = PBXGroup;
			children = (
				55E8BE0B1F0EAA76007306C8 /* SKStoryMenuTableViewCell.h */,
				55E8BE0C1F0EAA76007306C8 /* SKStoryMenuTableViewCell.m */,
				55FC88301F1AC08A004C15F8 /* SKStoryResetTableViewCell.h */,
				55FC88311F1AC08A004C15F8 /* SKStoryResetTableViewCell.m */,
			);
			name = Cells;
			sourceTree = "<group>";
		};
		748DF71BE7976640542379EC /* Pods */ = {
			isa = PBXGroup;
			children = (
				8F161D563E3A8DDB9AC1F50E /* Pods-Dharm.debug.xcconfig */,
				FCC42AE72A013E2E913B226F /* Pods-Dharm.release.xcconfig */,
			);
			name = Pods;
			sourceTree = "<group>";
		};
		E40EDEC173917F8791F9D011 /* Frameworks */ = {
			isa = PBXGroup;
			children = (
				55A743A01ECE189D00BF4AF0 /* GameKit.framework */,
				55B59CA91EAE731800B969A5 /* libAMViralSwitch.a */,
				55B59CAA1EAE731800B969A5 /* libMSWeakTimer.a */,
				55B59CAB1EAE731800B969A5 /* libUIView+Shake.a */,
				AD4FB7AC4ACD06E84E2DCDAE /* libPods-Dharm.a */,
			);
			name = Frameworks;
			sourceTree = "<group>";
		};
/* End PBXGroup section */

/* Begin PBXNativeTarget section */
		556DBAE71E8FB1510038D214 /* Dharm */ = {
			isa = PBXNativeTarget;
			buildConfigurationList = 556DBB021E8FB1520038D214 /* Build configuration list for PBXNativeTarget "Dharm" */;
			buildPhases = (
				C7B9B0C518E57B1C02DAD803 /* [CP] Check Pods Manifest.lock */,
				556DBAE41E8FB1510038D214 /* Sources */,
				556DBAE51E8FB1510038D214 /* Frameworks */,
				556DBAE61E8FB1510038D214 /* Resources */,
				4619396BAE73BC316C71259D /* [CP] Embed Pods Frameworks */,
				25C823DE6E849F28F61614C4 /* [CP] Copy Pods Resources */,
			);
			buildRules = (
			);
			dependencies = (
			);
			name = Dharm;
			productName = Dharm;
			productReference = 556DBAE81E8FB1510038D214 /* Dharm.app */;
			productType = "com.apple.product-type.application";
		};
/* End PBXNativeTarget section */

/* Begin PBXProject section */
		556DBAE01E8FB1500038D214 /* Project object */ = {
			isa = PBXProject;
			attributes = {
				CLASSPREFIX = SK;
				LastUpgradeCheck = 0900;
				ORGANIZATIONNAME = "Kirill Solovyov";
				TargetAttributes = {
					556DBAE71E8FB1510038D214 = {
						CreatedOnToolsVersion = 8.0;
						ProvisioningStyle = Automatic;
						SystemCapabilities = {
							com.apple.GameCenter = {
								enabled = 1;
							};
						};
					};
				};
			};
			buildConfigurationList = 556DBAE31E8FB1500038D214 /* Build configuration list for PBXProject "Dharm" */;
			compatibilityVersion = "Xcode 8.0";
			developmentRegion = English;
			hasScannedForEncodings = 0;
			knownRegions = (
				en,
				Base,
				ru,
			);
			mainGroup = 556DBADF1E8FB1500038D214;
			productRefGroup = 556DBAE91E8FB1510038D214 /* Products */;
			projectDirPath = "";
			projectRoot = "";
			targets = (
				556DBAE71E8FB1510038D214 /* Dharm */,
			);
		};
/* End PBXProject section */

/* Begin PBXResourcesBuildPhase section */
		556DBAE61E8FB1510038D214 /* Resources */ = {
			isa = PBXResourcesBuildPhase;
			buildActionMask = 2147483647;
			files = (
				556DBAFE1E8FB1520038D214 /* LaunchScreen.storyboard in Resources */,
				55E1E3621F3A3B41005CAB9F /* storehouse.plist in Resources */,
				556DBAFB1E8FB1520038D214 /* Assets.xcassets in Resources */,
				55CBD4991EE08478002679FE /* Localizable.strings in Resources */,
				556DBAF61E8FB1520038D214 /* Main.storyboard in Resources */,
			);
			runOnlyForDeploymentPostprocessing = 0;
		};
/* End PBXResourcesBuildPhase section */

/* Begin PBXShellScriptBuildPhase section */
		25C823DE6E849F28F61614C4 /* [CP] Copy Pods Resources */ = {
			isa = PBXShellScriptBuildPhase;
			buildActionMask = 2147483647;
			files = (
			);
			inputPaths = (
			);
			name = "[CP] Copy Pods Resources";
			outputPaths = (
			);
			runOnlyForDeploymentPostprocessing = 0;
			shellPath = /bin/sh;
			shellScript = "\"${SRCROOT}/Pods/Target Support Files/Pods-Dharm/Pods-Dharm-resources.sh\"\n";
			showEnvVarsInLog = 0;
		};
		4619396BAE73BC316C71259D /* [CP] Embed Pods Frameworks */ = {
			isa = PBXShellScriptBuildPhase;
			buildActionMask = 2147483647;
			files = (
			);
			inputPaths = (
			);
			name = "[CP] Embed Pods Frameworks";
			outputPaths = (
			);
			runOnlyForDeploymentPostprocessing = 0;
			shellPath = /bin/sh;
			shellScript = "\"${SRCROOT}/Pods/Target Support Files/Pods-Dharm/Pods-Dharm-frameworks.sh\"\n";
			showEnvVarsInLog = 0;
		};
		C7B9B0C518E57B1C02DAD803 /* [CP] Check Pods Manifest.lock */ = {
			isa = PBXShellScriptBuildPhase;
			buildActionMask = 2147483647;
			files = (
			);
			inputPaths = (
			);
			name = "[CP] Check Pods Manifest.lock";
			outputPaths = (
			);
			runOnlyForDeploymentPostprocessing = 0;
			shellPath = /bin/sh;
			shellScript = "diff \"${PODS_PODFILE_DIR_PATH}/Podfile.lock\" \"${PODS_ROOT}/Manifest.lock\" > /dev/null\nif [ $? != 0 ] ; then\n    # print error to STDERR\n    echo \"error: The sandbox is not in sync with the Podfile.lock. Run 'pod install' or update your CocoaPods installation.\" >&2\n    exit 1\nfi\n";
			showEnvVarsInLog = 0;
		};
/* End PBXShellScriptBuildPhase section */

/* Begin PBXSourcesBuildPhase section */
		556DBAE41E8FB1510038D214 /* Sources */ = {
			isa = PBXSourcesBuildPhase;
			buildActionMask = 2147483647;
			files = (
				55079BE11EB7780C0044FCF4 /* UIViewController+SKViewControllerCategory.m in Sources */,
				55E8BE0A1F0EAA4E007306C8 /* SKStoryMenuViewController.m in Sources */,
				55320D101EFE949A0054F7A6 /* SKTutorialViewController.m in Sources */,
				55E1E3651F3A4009005CAB9F /* SKLeaderboardCell.m in Sources */,
				55FC88321F1AC08A004C15F8 /* SKStoryResetTableViewCell.m in Sources */,
				556DBAF01E8FB1510038D214 /* AppDelegate.m in Sources */,
				55C3B3931F2C5D5D0086AD36 /* SKTabBarController.m in Sources */,
				55079BE41EB779BD0044FCF4 /* UITableViewController+SKTableViewCategory.m in Sources */,
				5518196B1E9A78D100BD59B4 /* SKBunkerTableViewController.m in Sources */,
				5518197E1E9A7C7500BD59B4 /* SKAdCell.m in Sources */,
				556DBAF91E8FB1520038D214 /* Dharm.xcdatamodeld in Sources */,
				55E92D3D1EC1C6C000B58280 /* SKPopoverInfoViewController.m in Sources */,
				55979D3A1ED4A51D00163F00 /* SKGameKitHelper.m in Sources */,
				55E8BE111F0EDA22007306C8 /* SKStoryPage.m in Sources */,
				55E8BE0D1F0EAA76007306C8 /* SKStoryMenuTableViewCell.m in Sources */,
				556DBAED1E8FB1510038D214 /* main.m in Sources */,
				5595A4911F02F675007126E9 /* SKTutorialPageViewController.m in Sources */,
				55EC38271E91181F00D3E399 /* SKTimer.m in Sources */,
				55F91BED1F1A39AB0044DF34 /* SKUser.m in Sources */,
				5518196E1E9A7BF400BD59B4 /* SKScoreCell.m in Sources */,
				55ACA84F1E9579EE00DD98BC /* SKDateGenerator.m in Sources */,
				5518197B1E9A7C6700BD59B4 /* SKCodeCell.m in Sources */,
				556DBB0D1E8FB76E0038D214 /* SKLeaderboardsViewController.m in Sources */,
				55A1D66E1E9A56F900CEE5DB /* SKUserDataManager.m in Sources */,
				55F91BF01F1A39C40044DF34 /* SKNotificationDate.m in Sources */,
				551319A11EC09D860072B442 /* SKUtils.m in Sources */,
				556DBB0A1E8FB7550038D214 /* SKSettingsViewController.m in Sources */,
				554D04711E9C1DB4002D3E1E /* UIApplication+SKNotificationManager.m in Sources */,
				554D046C1E9C0D0D002D3E1E /* SKMainObserver.m in Sources */,
				551819721E9A7C1800BD59B4 /* SKTimerCell.m in Sources */,
				55FC883C1F1C06E1004C15F8 /* SKStoryHelper.m in Sources */,
			);
			runOnlyForDeploymentPostprocessing = 0;
		};
/* End PBXSourcesBuildPhase section */

/* Begin PBXVariantGroup section */
		556DBAF41E8FB1520038D214 /* Main.storyboard */ = {
			isa = PBXVariantGroup;
			children = (
				556DBAF51E8FB1520038D214 /* Base */,
				5595A48E1F02E140007126E9 /* ru */,
			);
			name = Main.storyboard;
			sourceTree = "<group>";
		};
		556DBAFC1E8FB1520038D214 /* LaunchScreen.storyboard */ = {
			isa = PBXVariantGroup;
			children = (
				556DBAFD1E8FB1520038D214 /* Base */,
				55CBD49D1EE08492002679FE /* ru */,
			);
			name = LaunchScreen.storyboard;
			sourceTree = "<group>";
		};
		55CBD49B1EE08478002679FE /* Localizable.strings */ = {
			isa = PBXVariantGroup;
			children = (
				55CBD49A1EE08478002679FE /* en */,
				55CBD49E1EE08493002679FE /* ru */,
			);
			name = Localizable.strings;
			sourceTree = "<group>";
		};
/* End PBXVariantGroup section */

/* Begin XCBuildConfiguration section */
		556DBB001E8FB1520038D214 /* Debug */ = {
			isa = XCBuildConfiguration;
			buildSettings = {
				ALWAYS_SEARCH_USER_PATHS = NO;
				CLANG_ANALYZER_LOCALIZABILITY_NONLOCALIZED = YES;
				CLANG_ANALYZER_NONNULL = YES;
				CLANG_CXX_LANGUAGE_STANDARD = "gnu++0x";
				CLANG_CXX_LIBRARY = "libc++";
				CLANG_ENABLE_MODULES = YES;
				CLANG_ENABLE_OBJC_ARC = YES;
				CLANG_WARN_BLOCK_CAPTURE_AUTORELEASING = YES;
				CLANG_WARN_BOOL_CONVERSION = YES;
				CLANG_WARN_COMMA = YES;
				CLANG_WARN_CONSTANT_CONVERSION = YES;
				CLANG_WARN_DIRECT_OBJC_ISA_USAGE = YES_ERROR;
				CLANG_WARN_DOCUMENTATION_COMMENTS = YES;
				CLANG_WARN_EMPTY_BODY = YES;
				CLANG_WARN_ENUM_CONVERSION = YES;
				CLANG_WARN_INFINITE_RECURSION = YES;
				CLANG_WARN_INT_CONVERSION = YES;
				CLANG_WARN_NON_LITERAL_NULL_CONVERSION = YES;
				CLANG_WARN_OBJC_LITERAL_CONVERSION = YES;
				CLANG_WARN_OBJC_ROOT_CLASS = YES_ERROR;
				CLANG_WARN_RANGE_LOOP_ANALYSIS = YES;
				CLANG_WARN_STRICT_PROTOTYPES = YES;
				CLANG_WARN_SUSPICIOUS_MOVE = YES;
				CLANG_WARN_SUSPICIOUS_MOVES = YES;
				CLANG_WARN_UNREACHABLE_CODE = YES;
				CLANG_WARN__DUPLICATE_METHOD_MATCH = YES;
				"CODE_SIGN_IDENTITY[sdk=iphoneos*]" = "iPhone Developer";
				COPY_PHASE_STRIP = NO;
				DEBUG_INFORMATION_FORMAT = dwarf;
				ENABLE_STRICT_OBJC_MSGSEND = YES;
				ENABLE_TESTABILITY = YES;
				GCC_C_LANGUAGE_STANDARD = gnu99;
				GCC_DYNAMIC_NO_PIC = NO;
				GCC_NO_COMMON_BLOCKS = YES;
				GCC_OPTIMIZATION_LEVEL = 0;
				GCC_PREPROCESSOR_DEFINITIONS = (
					"DEBUG=1",
					"$(inherited)",
				);
				GCC_WARN_64_TO_32_BIT_CONVERSION = YES;
				GCC_WARN_ABOUT_RETURN_TYPE = YES_ERROR;
				GCC_WARN_UNDECLARED_SELECTOR = YES;
				GCC_WARN_UNINITIALIZED_AUTOS = YES_AGGRESSIVE;
				GCC_WARN_UNUSED_FUNCTION = YES;
				GCC_WARN_UNUSED_VARIABLE = YES;
				IPHONEOS_DEPLOYMENT_TARGET = 9.3;
				MTL_ENABLE_DEBUG_INFO = YES;
				ONLY_ACTIVE_ARCH = YES;
				SDKROOT = iphoneos;
				TARGETED_DEVICE_FAMILY = "1,2";
			};
			name = Debug;
		};
		556DBB011E8FB1520038D214 /* Release */ = {
			isa = XCBuildConfiguration;
			buildSettings = {
				ALWAYS_SEARCH_USER_PATHS = NO;
				CLANG_ANALYZER_LOCALIZABILITY_NONLOCALIZED = YES;
				CLANG_ANALYZER_NONNULL = YES;
				CLANG_CXX_LANGUAGE_STANDARD = "gnu++0x";
				CLANG_CXX_LIBRARY = "libc++";
				CLANG_ENABLE_MODULES = YES;
				CLANG_ENABLE_OBJC_ARC = YES;
				CLANG_WARN_BLOCK_CAPTURE_AUTORELEASING = YES;
				CLANG_WARN_BOOL_CONVERSION = YES;
				CLANG_WARN_COMMA = YES;
				CLANG_WARN_CONSTANT_CONVERSION = YES;
				CLANG_WARN_DIRECT_OBJC_ISA_USAGE = YES_ERROR;
				CLANG_WARN_DOCUMENTATION_COMMENTS = YES;
				CLANG_WARN_EMPTY_BODY = YES;
				CLANG_WARN_ENUM_CONVERSION = YES;
				CLANG_WARN_INFINITE_RECURSION = YES;
				CLANG_WARN_INT_CONVERSION = YES;
				CLANG_WARN_NON_LITERAL_NULL_CONVERSION = YES;
				CLANG_WARN_OBJC_LITERAL_CONVERSION = YES;
				CLANG_WARN_OBJC_ROOT_CLASS = YES_ERROR;
				CLANG_WARN_RANGE_LOOP_ANALYSIS = YES;
				CLANG_WARN_STRICT_PROTOTYPES = YES;
				CLANG_WARN_SUSPICIOUS_MOVE = YES;
				CLANG_WARN_SUSPICIOUS_MOVES = YES;
				CLANG_WARN_UNREACHABLE_CODE = YES;
				CLANG_WARN__DUPLICATE_METHOD_MATCH = YES;
				"CODE_SIGN_IDENTITY[sdk=iphoneos*]" = "iPhone Developer";
				COPY_PHASE_STRIP = NO;
				DEBUG_INFORMATION_FORMAT = "dwarf-with-dsym";
				ENABLE_NS_ASSERTIONS = NO;
				ENABLE_STRICT_OBJC_MSGSEND = YES;
				GCC_C_LANGUAGE_STANDARD = gnu99;
				GCC_NO_COMMON_BLOCKS = YES;
				GCC_WARN_64_TO_32_BIT_CONVERSION = YES;
				GCC_WARN_ABOUT_RETURN_TYPE = YES_ERROR;
				GCC_WARN_UNDECLARED_SELECTOR = YES;
				GCC_WARN_UNINITIALIZED_AUTOS = YES_AGGRESSIVE;
				GCC_WARN_UNUSED_FUNCTION = YES;
				GCC_WARN_UNUSED_VARIABLE = YES;
				IPHONEOS_DEPLOYMENT_TARGET = 9.3;
				MTL_ENABLE_DEBUG_INFO = NO;
				SDKROOT = iphoneos;
				TARGETED_DEVICE_FAMILY = "1,2";
				VALIDATE_PRODUCT = YES;
			};
			name = Release;
		};
		556DBB031E8FB1520038D214 /* Debug */ = {
			isa = XCBuildConfiguration;
			baseConfigurationReference = 8F161D563E3A8DDB9AC1F50E /* Pods-Dharm.debug.xcconfig */;
			buildSettings = {
				ASSETCATALOG_COMPILER_APPICON_NAME = AppIcon;
				CLANG_ANALYZER_LOCALIZABILITY_NONLOCALIZED = YES;
				"CODE_SIGN_IDENTITY[sdk=iphoneos*]" = "iPhone Developer";
				DEVELOPMENT_TEAM = ZTRS68H53M;
				INFOPLIST_FILE = Dharm/Info.plist;
				IPHONEOS_DEPLOYMENT_TARGET = 9.3;
				LD_RUNPATH_SEARCH_PATHS = "$(inherited) @executable_path/Frameworks";
				LIBRARY_SEARCH_PATHS = (
					"$(inherited)",
					"$(PROJECT_DIR)/build/Debug-iphoneos/AMViralSwitch",
					"$(PROJECT_DIR)/build/Debug-iphoneos/MSWeakTimer",
					"$(PROJECT_DIR)/build/Debug-iphoneos/UIView+Shake",
				);
				PRODUCT_BUNDLE_IDENTIFIER = com.SK.Dharm;
				PRODUCT_NAME = "$(TARGET_NAME)";
				PROVISIONING_PROFILE_SPECIFIER = "";
				TARGETED_DEVICE_FAMILY = "1,2";
			};
			name = Debug;
		};
		556DBB041E8FB1520038D214 /* Release */ = {
			isa = XCBuildConfiguration;
			baseConfigurationReference = FCC42AE72A013E2E913B226F /* Pods-Dharm.release.xcconfig */;
			buildSettings = {
				ASSETCATALOG_COMPILER_APPICON_NAME = AppIcon;
				CLANG_ANALYZER_LOCALIZABILITY_NONLOCALIZED = YES;
				"CODE_SIGN_IDENTITY[sdk=iphoneos*]" = "iPhone Developer";
				DEVELOPMENT_TEAM = ZTRS68H53M;
				INFOPLIST_FILE = Dharm/Info.plist;
				IPHONEOS_DEPLOYMENT_TARGET = 9.3;
				LD_RUNPATH_SEARCH_PATHS = "$(inherited) @executable_path/Frameworks";
				LIBRARY_SEARCH_PATHS = (
					"$(inherited)",
					"$(PROJECT_DIR)/build/Debug-iphoneos/AMViralSwitch",
					"$(PROJECT_DIR)/build/Debug-iphoneos/MSWeakTimer",
					"$(PROJECT_DIR)/build/Debug-iphoneos/UIView+Shake",
				);
				PRODUCT_BUNDLE_IDENTIFIER = com.SK.Dharm;
				PRODUCT_NAME = "$(TARGET_NAME)";
				PROVISIONING_PROFILE_SPECIFIER = "";
				TARGETED_DEVICE_FAMILY = "1,2";
			};
			name = Release;
		};
/* End XCBuildConfiguration section */

/* Begin XCConfigurationList section */
		556DBAE31E8FB1500038D214 /* Build configuration list for PBXProject "Dharm" */ = {
			isa = XCConfigurationList;
			buildConfigurations = (
				556DBB001E8FB1520038D214 /* Debug */,
				556DBB011E8FB1520038D214 /* Release */,
			);
			defaultConfigurationIsVisible = 0;
			defaultConfigurationName = Release;
		};
		556DBB021E8FB1520038D214 /* Build configuration list for PBXNativeTarget "Dharm" */ = {
			isa = XCConfigurationList;
			buildConfigurations = (
				556DBB031E8FB1520038D214 /* Debug */,
				556DBB041E8FB1520038D214 /* Release */,
			);
			defaultConfigurationIsVisible = 0;
			defaultConfigurationName = Release;
		};
/* End XCConfigurationList section */

/* Begin XCVersionGroup section */
		556DBAF71E8FB1520038D214 /* Dharm.xcdatamodeld */ = {
			isa = XCVersionGroup;
			children = (
				556DBAF81E8FB1520038D214 /* Dharm.xcdatamodel */,
			);
			currentVersion = 556DBAF81E8FB1520038D214 /* Dharm.xcdatamodel */;
			path = Dharm.xcdatamodeld;
			sourceTree = "<group>";
			versionGroupType = wrapper.xcdatamodel;
		};
/* End XCVersionGroup section */
	};
	rootObject = 556DBAE01E8FB1500038D214 /* Project object */;
}
